
Microsoft Visual Studio Solution File, Format Version 12.00
# Visual Studio Version 16
VisualStudioVersion = 16.0.29613.14
MinimumVisualStudioVersion = 10.0.40219.1
Project("{FAE04EC0-301F-11D3-BF4B-00C04F79EFBC}") = "Task4", "Task4\Task4.csproj", "{D571C194-D979-444C-8C18-9BEB2C38C13B}"
EndProject
Global
	GlobalSection(SolutionConfigurationPlatforms) = preSolution
		Debug|Any CPU = Debug|Any CPU
		Release|Any CPU = Release|Any CPU
	EndGlobalSection
	GlobalSection(ProjectConfigurationPlatforms) = postSolution
		{D571C194-D979-444C-8C18-9BEB2C38C13B}.Debug|Any CPU.ActiveCfg = Debug|Any CPU
		{D571C194-D979-444C-8C18-9BEB2C38C13B}.Debug|Any CPU.Build.0 = Debug|Any CPU
		{D571C194-D979-444C-8C18-9BEB2C38C13B}.Release|Any CPU.ActiveCfg = Release|Any CPU
		{D571C194-D979-444C-8C18-9BEB2C38C13B}.Release|Any CPU.Build.0 = Release|Any CPU
	EndGlobalSection
	GlobalSection(SolutionProperties) = preSolution
		HideSolutionNode = FALSE
	EndGlobalSection
	GlobalSection(ExtensibilityGlobals) = postSolution
		SolutionGuid = {A15EFB27-47DD-4905-8281-9FABCC0861DF}
	EndGlobalSection
EndGlobal
