
Microsoft Visual Studio Solution File, Format Version 12.00
# Visual Studio Version 16
VisualStudioVersion = 16.0.29411.108
MinimumVisualStudioVersion = 10.0.40219.1
Project("{FAE04EC0-301F-11D3-BF4B-00C04F79EFBC}") = "Task6", "Task6\Task6.csproj", "{FC775DD6-0A7D-4988-B610-FCB6EAC754A9}"
EndProject
Global
	GlobalSection(SolutionConfigurationPlatforms) = preSolution
		Debug|Any CPU = Debug|Any CPU
		Release|Any CPU = Release|Any CPU
	EndGlobalSection
	GlobalSection(ProjectConfigurationPlatforms) = postSolution
		{FC775DD6-0A7D-4988-B610-FCB6EAC754A9}.Debug|Any CPU.ActiveCfg = Debug|Any CPU
		{FC775DD6-0A7D-4988-B610-FCB6EAC754A9}.Debug|Any CPU.Build.0 = Debug|Any CPU
		{FC775DD6-0A7D-4988-B610-FCB6EAC754A9}.Release|Any CPU.ActiveCfg = Release|Any CPU
		{FC775DD6-0A7D-4988-B610-FCB6EAC754A9}.Release|Any CPU.Build.0 = Release|Any CPU
	EndGlobalSection
	GlobalSection(SolutionProperties) = preSolution
		HideSolutionNode = FALSE
	EndGlobalSection
	GlobalSection(ExtensibilityGlobals) = postSolution
		SolutionGuid = {EFD9A429-F345-40C1-9C21-B72849D730A9}
	EndGlobalSection
EndGlobal
