
Microsoft Visual Studio Solution File, Format Version 12.00
# Visual Studio Version 16
VisualStudioVersion = 16.0.29728.190
MinimumVisualStudioVersion = 10.0.40219.1
Project("{FAE04EC0-301F-11D3-BF4B-00C04F79EFBC}") = "Task7", "Task7\Task7.csproj", "{07719658-2521-4FF3-AEBD-6059C3D27CC5}"
EndProject
Global
	GlobalSection(SolutionConfigurationPlatforms) = preSolution
		Debug|Any CPU = Debug|Any CPU
		Release|Any CPU = Release|Any CPU
	EndGlobalSection
	GlobalSection(ProjectConfigurationPlatforms) = postSolution
		{07719658-2521-4FF3-AEBD-6059C3D27CC5}.Debug|Any CPU.ActiveCfg = Debug|Any CPU
		{07719658-2521-4FF3-AEBD-6059C3D27CC5}.Debug|Any CPU.Build.0 = Debug|Any CPU
		{07719658-2521-4FF3-AEBD-6059C3D27CC5}.Release|Any CPU.ActiveCfg = Release|Any CPU
		{07719658-2521-4FF3-AEBD-6059C3D27CC5}.Release|Any CPU.Build.0 = Release|Any CPU
	EndGlobalSection
	GlobalSection(SolutionProperties) = preSolution
		HideSolutionNode = FALSE
	EndGlobalSection
	GlobalSection(ExtensibilityGlobals) = postSolution
		SolutionGuid = {AF2501AD-9273-428E-9683-B0F029E9DB93}
	EndGlobalSection
EndGlobal
